
Microsoft Visual Studio Solution File, Format Version 12.00
# Visual Studio Version 16
VisualStudioVersion = 16.0.30907.101
MinimumVisualStudioVersion = 10.0.40219.1
Project("{FAE04EC0-301F-11D3-BF4B-00C04F79EFBC}") = "Skip_A_Number", "Skip_A_Number\Skip_A_Number.csproj", "{77F6EB3B-E7CC-467F-9D39-9B6C55E15913}"
EndProject
Global
	GlobalSection(SolutionConfigurationPlatforms) = preSolution
		Debug|Any CPU = Debug|Any CPU
		Release|Any CPU = Release|Any CPU
	EndGlobalSection
	GlobalSection(ProjectConfigurationPlatforms) = postSolution
		{77F6EB3B-E7CC-467F-9D39-9B6C55E15913}.Debug|Any CPU.ActiveCfg = Debug|Any CPU
		{77F6EB3B-E7CC-467F-9D39-9B6C55E15913}.Debug|Any CPU.Build.0 = Debug|Any CPU
		{77F6EB3B-E7CC-467F-9D39-9B6C55E15913}.Release|Any CPU.ActiveCfg = Release|Any CPU
		{77F6EB3B-E7CC-467F-9D39-9B6C55E15913}.Release|Any CPU.Build.0 = Release|Any CPU
	EndGlobalSection
	GlobalSection(SolutionProperties) = preSolution
		HideSolutionNode = FALSE
	EndGlobalSection
	GlobalSection(ExtensibilityGlobals) = postSolution
		SolutionGuid = {A3427B65-42AC-4FB1-8B3B-0DA9C63BECE5}
	EndGlobalSection
EndGlobal
